
Microsoft Visual Studio Solution File, Format Version 12.00
# Visual Studio Version 16
VisualStudioVersion = 16.0.30104.148
MinimumVisualStudioVersion = 10.0.40219.1
Project("{FAE04EC0-301F-11D3-BF4B-00C04F79EFBC}") = "Calculator01", "Calculator01\Calculator01.csproj", "{5577D51B-6258-42BA-83D3-96A0F70C16EE}"
EndProject
Global
	GlobalSection(SolutionConfigurationPlatforms) = preSolution
		Debug|Any CPU = Debug|Any CPU
		Release|Any CPU = Release|Any CPU
	EndGlobalSection
	GlobalSection(ProjectConfigurationPlatforms) = postSolution
		{5577D51B-6258-42BA-83D3-96A0F70C16EE}.Debug|Any CPU.ActiveCfg = Debug|Any CPU
		{5577D51B-6258-42BA-83D3-96A0F70C16EE}.Debug|Any CPU.Build.0 = Debug|Any CPU
		{5577D51B-6258-42BA-83D3-96A0F70C16EE}.Release|Any CPU.ActiveCfg = Release|Any CPU
		{5577D51B-6258-42BA-83D3-96A0F70C16EE}.Release|Any CPU.Build.0 = Release|Any CPU
	EndGlobalSection
	GlobalSection(SolutionProperties) = preSolution
		HideSolutionNode = FALSE
	EndGlobalSection
	GlobalSection(ExtensibilityGlobals) = postSolution
		SolutionGuid = {30B3D500-CEDE-4AEF-AE46-FCC1AEAD7EE8}
	EndGlobalSection
EndGlobal
